{
  "name": "strapi-plugin-ckeditor5-with-source-editing",
  "version": "1.0.5",
  "lockfileVersion": 1,
  "requires": true,
  "dependencies": {
    "ckeditor5-with-source-editing": {
      "version": "1.0.6",
      "resolved": "https://registry.npmjs.org/ckeditor5-with-source-editing/-/ckeditor5-with-source-editing-1.0.6.tgz",
      "integrity": "sha512-pTCo8Xe2SCF1tWXrEyIWO4ZH0zuoslDxCpU720I7gZ2VwhQxwbRUThOwb/1oKeYbqnBIlMsqaySepx0T4iMlEw==",
      "requires": {
        "my-package": "0.0.0"
      }
    },
    "my-package": {
      "version": "0.0.0",
      "resolved": "https://registry.npmjs.org/my-package/-/my-package-0.0.0.tgz",
      "integrity": "sha1-ApAg8n/PKu1HVMUFmrGwnlEHqd4="
    }
  }
}
