{
  "name": "zudo-strapi-ckeditor5",
  "version": "1.0.2",
  "lockfileVersion": 1,
  "requires": true,
  "dependencies": {
    "ckeditor5-edvoy": {
      "version": "1.0.5",
      "resolved": "https://registry.npmjs.org/ckeditor5-edvoy/-/ckeditor5-edvoy-1.0.5.tgz",
      "integrity": "sha512-yQCTwWIc+iaAsNpaWQtnBgLCHiur5ArHx3xp3Fr2XFXjEfptxHjIEORGIUjDCJhk77y0tTGi/Il2AT1v7QyQCg==",
      "requires": {
        "my-package": "0.0.0"
      }
    },
    "my-package": {
      "version": "0.0.0",
      "resolved": "https://registry.npmjs.org/my-package/-/my-package-0.0.0.tgz",
      "integrity": "sha1-ApAg8n/PKu1HVMUFmrGwnlEHqd4="
    }
  }
}
